
Microsoft Visual Studio Solution File, Format Version 12.00
# Visual Studio Version 17
VisualStudioVersion = 17.14.36804.6 d17.14
MinimumVisualStudioVersion = 10.0.40219.1
Project("{FAE04EC0-301F-11D3-BF4B-00C04F79EFBC}") = "TelnetServer", "TelnetServer.csproj", "{582679A9-D335-4BEF-9A94-45C57FC7EFF5}"
EndProject
Global
	GlobalSection(SolutionConfigurationPlatforms) = preSolution
		Debug|Any CPU = Debug|Any CPU
		Release|Any CPU = Release|Any CPU
	EndGlobalSection
	GlobalSection(ProjectConfigurationPlatforms) = postSolution
		{582679A9-D335-4BEF-9A94-45C57FC7EFF5}.Debug|Any CPU.ActiveCfg = Debug|Any CPU
		{582679A9-D335-4BEF-9A94-45C57FC7EFF5}.Debug|Any CPU.Build.0 = Debug|Any CPU
		{582679A9-D335-4BEF-9A94-45C57FC7EFF5}.Release|Any CPU.ActiveCfg = Release|Any CPU
		{582679A9-D335-4BEF-9A94-45C57FC7EFF5}.Release|Any CPU.Build.0 = Release|Any CPU
	EndGlobalSection
	GlobalSection(SolutionProperties) = preSolution
		HideSolutionNode = FALSE
	EndGlobalSection
	GlobalSection(ExtensibilityGlobals) = postSolution
		SolutionGuid = {3C44CD30-79E7-4FA9-B393-DA712EC71844}
	EndGlobalSection
EndGlobal
